
Microsoft Visual Studio Solution File, Format Version 12.00
# Visual Studio 2012
Project("{FAE04EC0-301F-11D3-BF4B-00C04F79EFBC}") = "Rb.Forms.Barcode", "Rb.Forms.Barcode\Rb.Forms.Barcode.csproj", "{677C433A-8C1F-466F-91CA-1181FDF29795}"
EndProject
Project("{FAE04EC0-301F-11D3-BF4B-00C04F79EFBC}") = "Droid", "Droid\Droid.csproj", "{F5DC210F-379A-44CA-8FEA-0F4586240525}"
EndProject
Global
	GlobalSection(SolutionConfigurationPlatforms) = preSolution
		Debug|Any CPU = Debug|Any CPU
		Release|Any CPU = Release|Any CPU
		Debug|iPhoneSimulator = Debug|iPhoneSimulator
		Release|iPhoneSimulator = Release|iPhoneSimulator
		Debug|iPhone = Debug|iPhone
		Release|iPhone = Release|iPhone
		Ad-Hoc|iPhone = Ad-Hoc|iPhone
		AppStore|iPhone = AppStore|iPhone
	EndGlobalSection
	GlobalSection(ProjectConfigurationPlatforms) = postSolution
		{677C433A-8C1F-466F-91CA-1181FDF29795}.Ad-Hoc|iPhone.ActiveCfg = Debug|Any CPU
		{677C433A-8C1F-466F-91CA-1181FDF29795}.Ad-Hoc|iPhone.Build.0 = Debug|Any CPU
		{677C433A-8C1F-466F-91CA-1181FDF29795}.AppStore|iPhone.ActiveCfg = Debug|Any CPU
		{677C433A-8C1F-466F-91CA-1181FDF29795}.AppStore|iPhone.Build.0 = Debug|Any CPU
		{677C433A-8C1F-466F-91CA-1181FDF29795}.Debug|Any CPU.ActiveCfg = Debug|Any CPU
		{677C433A-8C1F-466F-91CA-1181FDF29795}.Debug|Any CPU.Build.0 = Debug|Any CPU
		{677C433A-8C1F-466F-91CA-1181FDF29795}.Debug|iPhone.ActiveCfg = Debug|Any CPU
		{677C433A-8C1F-466F-91CA-1181FDF29795}.Debug|iPhone.Build.0 = Debug|Any CPU
		{677C433A-8C1F-466F-91CA-1181FDF29795}.Debug|iPhoneSimulator.ActiveCfg = Debug|Any CPU
		{677C433A-8C1F-466F-91CA-1181FDF29795}.Debug|iPhoneSimulator.Build.0 = Debug|Any CPU
		{677C433A-8C1F-466F-91CA-1181FDF29795}.Release|Any CPU.ActiveCfg = Release|Any CPU
		{677C433A-8C1F-466F-91CA-1181FDF29795}.Release|Any CPU.Build.0 = Release|Any CPU
		{677C433A-8C1F-466F-91CA-1181FDF29795}.Release|iPhone.ActiveCfg = Release|Any CPU
		{677C433A-8C1F-466F-91CA-1181FDF29795}.Release|iPhone.Build.0 = Release|Any CPU
		{677C433A-8C1F-466F-91CA-1181FDF29795}.Release|iPhoneSimulator.ActiveCfg = Release|Any CPU
		{677C433A-8C1F-466F-91CA-1181FDF29795}.Release|iPhoneSimulator.Build.0 = Release|Any CPU
		{F5DC210F-379A-44CA-8FEA-0F4586240525}.Ad-Hoc|iPhone.ActiveCfg = Debug|Any CPU
		{F5DC210F-379A-44CA-8FEA-0F4586240525}.Ad-Hoc|iPhone.Build.0 = Debug|Any CPU
		{F5DC210F-379A-44CA-8FEA-0F4586240525}.AppStore|iPhone.ActiveCfg = Debug|Any CPU
		{F5DC210F-379A-44CA-8FEA-0F4586240525}.AppStore|iPhone.Build.0 = Debug|Any CPU
		{F5DC210F-379A-44CA-8FEA-0F4586240525}.Debug|Any CPU.ActiveCfg = Debug|Any CPU
		{F5DC210F-379A-44CA-8FEA-0F4586240525}.Debug|Any CPU.Build.0 = Debug|Any CPU
		{F5DC210F-379A-44CA-8FEA-0F4586240525}.Debug|iPhone.ActiveCfg = Debug|Any CPU
		{F5DC210F-379A-44CA-8FEA-0F4586240525}.Debug|iPhone.Build.0 = Debug|Any CPU
		{F5DC210F-379A-44CA-8FEA-0F4586240525}.Debug|iPhoneSimulator.ActiveCfg = Debug|Any CPU
		{F5DC210F-379A-44CA-8FEA-0F4586240525}.Debug|iPhoneSimulator.Build.0 = Debug|Any CPU
		{F5DC210F-379A-44CA-8FEA-0F4586240525}.Release|Any CPU.ActiveCfg = Release|Any CPU
		{F5DC210F-379A-44CA-8FEA-0F4586240525}.Release|Any CPU.Build.0 = Release|Any CPU
		{F5DC210F-379A-44CA-8FEA-0F4586240525}.Release|iPhone.ActiveCfg = Release|Any CPU
		{F5DC210F-379A-44CA-8FEA-0F4586240525}.Release|iPhone.Build.0 = Release|Any CPU
		{F5DC210F-379A-44CA-8FEA-0F4586240525}.Release|iPhoneSimulator.ActiveCfg = Release|Any CPU
		{F5DC210F-379A-44CA-8FEA-0F4586240525}.Release|iPhoneSimulator.Build.0 = Release|Any CPU
	EndGlobalSection
EndGlobal
