
Microsoft Visual Studio Solution File, Format Version 12.00
# Visual Studio 2012
Project("{FAE04EC0-301F-11D3-BF4B-00C04F79EFBC}") = "Rb.Forms.Barcode.Pcl", "Rb.Forms.Barcode.Pcl\Rb.Forms.Barcode.Pcl.csproj", "{677C433A-8C1F-466F-91CA-1181FDF29795}"
EndProject
Project("{FAE04EC0-301F-11D3-BF4B-00C04F79EFBC}") = "Rb.Forms.Barcode.Droid", "Rb.Forms.Barcode.Droid\Rb.Forms.Barcode.Droid.csproj", "{F5DC210F-379A-44CA-8FEA-0F4586240525}"
EndProject
Project("{FAE04EC0-301F-11D3-BF4B-00C04F79EFBC}") = "Sample.Pcl", "Sample\Sample.Pcl\Sample.Pcl.csproj", "{E42FC234-D813-44BE-873F-E5DD3C77B45D}"
EndProject
Project("{FAE04EC0-301F-11D3-BF4B-00C04F79EFBC}") = "Sample.Droid", "Sample\Sample.Droid\Sample.Droid.csproj", "{6975FAE2-CDF6-414E-83F4-427D7737CDB7}"
EndProject
Project("{2150E333-8FDC-42A3-9474-1A3956D46DE8}") = "Solution Items", "Solution Items", "{D5500AC5-81E1-483D-9094-02D937DA7C04}"
	ProjectSection(SolutionItems) = preProject
		Rb.Forms.Barcode.sln = Rb.Forms.Barcode.sln
	EndProjectSection
EndProject
Global
	GlobalSection(SolutionConfigurationPlatforms) = preSolution
		Debug|Any CPU = Debug|Any CPU
		Release|Any CPU = Release|Any CPU
		Debug|iPhoneSimulator = Debug|iPhoneSimulator
		Release|iPhoneSimulator = Release|iPhoneSimulator
		Debug|iPhone = Debug|iPhone
		Release|iPhone = Release|iPhone
		Ad-Hoc|iPhone = Ad-Hoc|iPhone
		AppStore|iPhone = AppStore|iPhone
	EndGlobalSection
	GlobalSection(ProjectConfigurationPlatforms) = postSolution
		{677C433A-8C1F-466F-91CA-1181FDF29795}.Ad-Hoc|iPhone.ActiveCfg = Debug|Any CPU
		{677C433A-8C1F-466F-91CA-1181FDF29795}.Ad-Hoc|iPhone.Build.0 = Debug|Any CPU
		{677C433A-8C1F-466F-91CA-1181FDF29795}.AppStore|iPhone.ActiveCfg = Debug|Any CPU
		{677C433A-8C1F-466F-91CA-1181FDF29795}.AppStore|iPhone.Build.0 = Debug|Any CPU
		{677C433A-8C1F-466F-91CA-1181FDF29795}.Debug|Any CPU.ActiveCfg = Debug|Any CPU
		{677C433A-8C1F-466F-91CA-1181FDF29795}.Debug|Any CPU.Build.0 = Debug|Any CPU
		{677C433A-8C1F-466F-91CA-1181FDF29795}.Debug|iPhone.ActiveCfg = Debug|Any CPU
		{677C433A-8C1F-466F-91CA-1181FDF29795}.Debug|iPhone.Build.0 = Debug|Any CPU
		{677C433A-8C1F-466F-91CA-1181FDF29795}.Debug|iPhoneSimulator.ActiveCfg = Debug|Any CPU
		{677C433A-8C1F-466F-91CA-1181FDF29795}.Debug|iPhoneSimulator.Build.0 = Debug|Any CPU
		{677C433A-8C1F-466F-91CA-1181FDF29795}.Release|Any CPU.ActiveCfg = Release|Any CPU
		{677C433A-8C1F-466F-91CA-1181FDF29795}.Release|Any CPU.Build.0 = Release|Any CPU
		{677C433A-8C1F-466F-91CA-1181FDF29795}.Release|iPhone.ActiveCfg = Release|Any CPU
		{677C433A-8C1F-466F-91CA-1181FDF29795}.Release|iPhone.Build.0 = Release|Any CPU
		{677C433A-8C1F-466F-91CA-1181FDF29795}.Release|iPhoneSimulator.ActiveCfg = Release|Any CPU
		{677C433A-8C1F-466F-91CA-1181FDF29795}.Release|iPhoneSimulator.Build.0 = Release|Any CPU
		{6975FAE2-CDF6-414E-83F4-427D7737CDB7}.Ad-Hoc|iPhone.ActiveCfg = Debug|Any CPU
		{6975FAE2-CDF6-414E-83F4-427D7737CDB7}.Ad-Hoc|iPhone.Build.0 = Debug|Any CPU
		{6975FAE2-CDF6-414E-83F4-427D7737CDB7}.AppStore|iPhone.ActiveCfg = Debug|Any CPU
		{6975FAE2-CDF6-414E-83F4-427D7737CDB7}.AppStore|iPhone.Build.0 = Debug|Any CPU
		{6975FAE2-CDF6-414E-83F4-427D7737CDB7}.Debug|Any CPU.ActiveCfg = Debug|Any CPU
		{6975FAE2-CDF6-414E-83F4-427D7737CDB7}.Debug|Any CPU.Build.0 = Debug|Any CPU
		{6975FAE2-CDF6-414E-83F4-427D7737CDB7}.Debug|iPhone.ActiveCfg = Debug|Any CPU
		{6975FAE2-CDF6-414E-83F4-427D7737CDB7}.Debug|iPhone.Build.0 = Debug|Any CPU
		{6975FAE2-CDF6-414E-83F4-427D7737CDB7}.Debug|iPhoneSimulator.ActiveCfg = Debug|Any CPU
		{6975FAE2-CDF6-414E-83F4-427D7737CDB7}.Debug|iPhoneSimulator.Build.0 = Debug|Any CPU
		{6975FAE2-CDF6-414E-83F4-427D7737CDB7}.Release|Any CPU.ActiveCfg = Release|Any CPU
		{6975FAE2-CDF6-414E-83F4-427D7737CDB7}.Release|Any CPU.Build.0 = Release|Any CPU
		{6975FAE2-CDF6-414E-83F4-427D7737CDB7}.Release|iPhone.ActiveCfg = Release|Any CPU
		{6975FAE2-CDF6-414E-83F4-427D7737CDB7}.Release|iPhone.Build.0 = Release|Any CPU
		{6975FAE2-CDF6-414E-83F4-427D7737CDB7}.Release|iPhoneSimulator.ActiveCfg = Release|Any CPU
		{6975FAE2-CDF6-414E-83F4-427D7737CDB7}.Release|iPhoneSimulator.Build.0 = Release|Any CPU
		{E42FC234-D813-44BE-873F-E5DD3C77B45D}.Ad-Hoc|iPhone.ActiveCfg = Debug|Any CPU
		{E42FC234-D813-44BE-873F-E5DD3C77B45D}.Ad-Hoc|iPhone.Build.0 = Debug|Any CPU
		{E42FC234-D813-44BE-873F-E5DD3C77B45D}.AppStore|iPhone.ActiveCfg = Debug|Any CPU
		{E42FC234-D813-44BE-873F-E5DD3C77B45D}.AppStore|iPhone.Build.0 = Debug|Any CPU
		{E42FC234-D813-44BE-873F-E5DD3C77B45D}.Debug|Any CPU.ActiveCfg = Debug|Any CPU
		{E42FC234-D813-44BE-873F-E5DD3C77B45D}.Debug|Any CPU.Build.0 = Debug|Any CPU
		{E42FC234-D813-44BE-873F-E5DD3C77B45D}.Debug|iPhone.ActiveCfg = Debug|Any CPU
		{E42FC234-D813-44BE-873F-E5DD3C77B45D}.Debug|iPhone.Build.0 = Debug|Any CPU
		{E42FC234-D813-44BE-873F-E5DD3C77B45D}.Debug|iPhoneSimulator.ActiveCfg = Debug|Any CPU
		{E42FC234-D813-44BE-873F-E5DD3C77B45D}.Debug|iPhoneSimulator.Build.0 = Debug|Any CPU
		{E42FC234-D813-44BE-873F-E5DD3C77B45D}.Release|Any CPU.ActiveCfg = Release|Any CPU
		{E42FC234-D813-44BE-873F-E5DD3C77B45D}.Release|Any CPU.Build.0 = Release|Any CPU
		{E42FC234-D813-44BE-873F-E5DD3C77B45D}.Release|iPhone.ActiveCfg = Release|Any CPU
		{E42FC234-D813-44BE-873F-E5DD3C77B45D}.Release|iPhone.Build.0 = Release|Any CPU
		{E42FC234-D813-44BE-873F-E5DD3C77B45D}.Release|iPhoneSimulator.ActiveCfg = Release|Any CPU
		{E42FC234-D813-44BE-873F-E5DD3C77B45D}.Release|iPhoneSimulator.Build.0 = Release|Any CPU
		{F5DC210F-379A-44CA-8FEA-0F4586240525}.Ad-Hoc|iPhone.ActiveCfg = Debug|Any CPU
		{F5DC210F-379A-44CA-8FEA-0F4586240525}.Ad-Hoc|iPhone.Build.0 = Debug|Any CPU
		{F5DC210F-379A-44CA-8FEA-0F4586240525}.AppStore|iPhone.ActiveCfg = Debug|Any CPU
		{F5DC210F-379A-44CA-8FEA-0F4586240525}.AppStore|iPhone.Build.0 = Debug|Any CPU
		{F5DC210F-379A-44CA-8FEA-0F4586240525}.Debug|Any CPU.ActiveCfg = Debug|Any CPU
		{F5DC210F-379A-44CA-8FEA-0F4586240525}.Debug|Any CPU.Build.0 = Debug|Any CPU
		{F5DC210F-379A-44CA-8FEA-0F4586240525}.Debug|iPhone.ActiveCfg = Debug|Any CPU
		{F5DC210F-379A-44CA-8FEA-0F4586240525}.Debug|iPhone.Build.0 = Debug|Any CPU
		{F5DC210F-379A-44CA-8FEA-0F4586240525}.Debug|iPhoneSimulator.ActiveCfg = Debug|Any CPU
		{F5DC210F-379A-44CA-8FEA-0F4586240525}.Debug|iPhoneSimulator.Build.0 = Debug|Any CPU
		{F5DC210F-379A-44CA-8FEA-0F4586240525}.Release|Any CPU.ActiveCfg = Release|Any CPU
		{F5DC210F-379A-44CA-8FEA-0F4586240525}.Release|Any CPU.Build.0 = Release|Any CPU
		{F5DC210F-379A-44CA-8FEA-0F4586240525}.Release|iPhone.ActiveCfg = Release|Any CPU
		{F5DC210F-379A-44CA-8FEA-0F4586240525}.Release|iPhone.Build.0 = Release|Any CPU
		{F5DC210F-379A-44CA-8FEA-0F4586240525}.Release|iPhoneSimulator.ActiveCfg = Release|Any CPU
		{F5DC210F-379A-44CA-8FEA-0F4586240525}.Release|iPhoneSimulator.Build.0 = Release|Any CPU
	EndGlobalSection
	GlobalSection(NestedProjects) = preSolution
	EndGlobalSection
	GlobalSection(MonoDevelopProperties) = preSolution
		version = 0.2.3-beta
	EndGlobalSection
EndGlobal
