
Microsoft Visual Studio Solution File, Format Version 12.00
# Visual Studio 2012
Project("{FAE04EC0-301F-11D3-BF4B-00C04F79EFBC}") = "Rb.Forms.Barcode", "Rb.Forms.Barcode\Rb.Forms.Barcode.csproj", "{677C433A-8C1F-466F-91CA-1181FDF29795}"
EndProject
Project("{FAE04EC0-301F-11D3-BF4B-00C04F79EFBC}") = "iOS", "iOS\iOS.csproj", "{48B74A90-606B-4A51-AAD4-0217A0724CBB}"
EndProject
Project("{FAE04EC0-301F-11D3-BF4B-00C04F79EFBC}") = "Droid", "Droid\Droid.csproj", "{EEE57CA0-C217-4172-845E-AC10436D7964}"
EndProject
Global
	GlobalSection(SolutionConfigurationPlatforms) = preSolution
		Debug|Any CPU = Debug|Any CPU
		Release|Any CPU = Release|Any CPU
		Debug|iPhoneSimulator = Debug|iPhoneSimulator
		Release|iPhoneSimulator = Release|iPhoneSimulator
		Debug|iPhone = Debug|iPhone
		Release|iPhone = Release|iPhone
		Ad-Hoc|iPhone = Ad-Hoc|iPhone
		AppStore|iPhone = AppStore|iPhone
	EndGlobalSection
	GlobalSection(ProjectConfigurationPlatforms) = postSolution
		{48B74A90-606B-4A51-AAD4-0217A0724CBB}.Ad-Hoc|iPhone.ActiveCfg = Ad-Hoc|iPhone
		{48B74A90-606B-4A51-AAD4-0217A0724CBB}.Ad-Hoc|iPhone.Build.0 = Ad-Hoc|iPhone
		{48B74A90-606B-4A51-AAD4-0217A0724CBB}.AppStore|iPhone.ActiveCfg = AppStore|iPhone
		{48B74A90-606B-4A51-AAD4-0217A0724CBB}.AppStore|iPhone.Build.0 = AppStore|iPhone
		{48B74A90-606B-4A51-AAD4-0217A0724CBB}.Debug|Any CPU.ActiveCfg = Debug|iPhoneSimulator
		{48B74A90-606B-4A51-AAD4-0217A0724CBB}.Debug|Any CPU.Build.0 = Debug|iPhoneSimulator
		{48B74A90-606B-4A51-AAD4-0217A0724CBB}.Debug|iPhone.ActiveCfg = Debug|iPhone
		{48B74A90-606B-4A51-AAD4-0217A0724CBB}.Debug|iPhone.Build.0 = Debug|iPhone
		{48B74A90-606B-4A51-AAD4-0217A0724CBB}.Debug|iPhoneSimulator.ActiveCfg = Debug|iPhoneSimulator
		{48B74A90-606B-4A51-AAD4-0217A0724CBB}.Debug|iPhoneSimulator.Build.0 = Debug|iPhoneSimulator
		{48B74A90-606B-4A51-AAD4-0217A0724CBB}.Release|Any CPU.ActiveCfg = Release|iPhoneSimulator
		{48B74A90-606B-4A51-AAD4-0217A0724CBB}.Release|Any CPU.Build.0 = Release|iPhoneSimulator
		{48B74A90-606B-4A51-AAD4-0217A0724CBB}.Release|iPhone.ActiveCfg = Release|iPhone
		{48B74A90-606B-4A51-AAD4-0217A0724CBB}.Release|iPhone.Build.0 = Release|iPhone
		{48B74A90-606B-4A51-AAD4-0217A0724CBB}.Release|iPhoneSimulator.ActiveCfg = Release|iPhoneSimulator
		{48B74A90-606B-4A51-AAD4-0217A0724CBB}.Release|iPhoneSimulator.Build.0 = Release|iPhoneSimulator
		{677C433A-8C1F-466F-91CA-1181FDF29795}.Ad-Hoc|iPhone.ActiveCfg = Debug|Any CPU
		{677C433A-8C1F-466F-91CA-1181FDF29795}.Ad-Hoc|iPhone.Build.0 = Debug|Any CPU
		{677C433A-8C1F-466F-91CA-1181FDF29795}.AppStore|iPhone.ActiveCfg = Debug|Any CPU
		{677C433A-8C1F-466F-91CA-1181FDF29795}.AppStore|iPhone.Build.0 = Debug|Any CPU
		{677C433A-8C1F-466F-91CA-1181FDF29795}.Debug|Any CPU.ActiveCfg = Debug|Any CPU
		{677C433A-8C1F-466F-91CA-1181FDF29795}.Debug|Any CPU.Build.0 = Debug|Any CPU
		{677C433A-8C1F-466F-91CA-1181FDF29795}.Debug|iPhone.ActiveCfg = Debug|Any CPU
		{677C433A-8C1F-466F-91CA-1181FDF29795}.Debug|iPhone.Build.0 = Debug|Any CPU
		{677C433A-8C1F-466F-91CA-1181FDF29795}.Debug|iPhoneSimulator.ActiveCfg = Debug|Any CPU
		{677C433A-8C1F-466F-91CA-1181FDF29795}.Debug|iPhoneSimulator.Build.0 = Debug|Any CPU
		{677C433A-8C1F-466F-91CA-1181FDF29795}.Release|Any CPU.ActiveCfg = Release|Any CPU
		{677C433A-8C1F-466F-91CA-1181FDF29795}.Release|Any CPU.Build.0 = Release|Any CPU
		{677C433A-8C1F-466F-91CA-1181FDF29795}.Release|iPhone.ActiveCfg = Release|Any CPU
		{677C433A-8C1F-466F-91CA-1181FDF29795}.Release|iPhone.Build.0 = Release|Any CPU
		{677C433A-8C1F-466F-91CA-1181FDF29795}.Release|iPhoneSimulator.ActiveCfg = Release|Any CPU
		{677C433A-8C1F-466F-91CA-1181FDF29795}.Release|iPhoneSimulator.Build.0 = Release|Any CPU
		{EEE57CA0-C217-4172-845E-AC10436D7964}.Ad-Hoc|iPhone.ActiveCfg = Release|Any CPU
		{EEE57CA0-C217-4172-845E-AC10436D7964}.Ad-Hoc|iPhone.Build.0 = Release|Any CPU
		{EEE57CA0-C217-4172-845E-AC10436D7964}.AppStore|iPhone.ActiveCfg = Release|Any CPU
		{EEE57CA0-C217-4172-845E-AC10436D7964}.AppStore|iPhone.Build.0 = Release|Any CPU
		{EEE57CA0-C217-4172-845E-AC10436D7964}.Debug|Any CPU.ActiveCfg = Debug|Any CPU
		{EEE57CA0-C217-4172-845E-AC10436D7964}.Debug|Any CPU.Build.0 = Debug|Any CPU
		{EEE57CA0-C217-4172-845E-AC10436D7964}.Debug|iPhone.ActiveCfg = Debug|Any CPU
		{EEE57CA0-C217-4172-845E-AC10436D7964}.Debug|iPhone.Build.0 = Debug|Any CPU
		{EEE57CA0-C217-4172-845E-AC10436D7964}.Debug|iPhoneSimulator.ActiveCfg = Debug|Any CPU
		{EEE57CA0-C217-4172-845E-AC10436D7964}.Debug|iPhoneSimulator.Build.0 = Debug|Any CPU
		{EEE57CA0-C217-4172-845E-AC10436D7964}.Release|Any CPU.ActiveCfg = Release|Any CPU
		{EEE57CA0-C217-4172-845E-AC10436D7964}.Release|Any CPU.Build.0 = Release|Any CPU
		{EEE57CA0-C217-4172-845E-AC10436D7964}.Release|iPhone.ActiveCfg = Release|Any CPU
		{EEE57CA0-C217-4172-845E-AC10436D7964}.Release|iPhone.Build.0 = Release|Any CPU
		{EEE57CA0-C217-4172-845E-AC10436D7964}.Release|iPhoneSimulator.ActiveCfg = Release|Any CPU
		{EEE57CA0-C217-4172-845E-AC10436D7964}.Release|iPhoneSimulator.Build.0 = Release|Any CPU
	EndGlobalSection
EndGlobal
